
Microsoft Visual Studio Solution File, Format Version 12.00
# Visual Studio Version 17
VisualStudioVersion = 17.9.34701.34
MinimumVisualStudioVersion = 10.0.40219.1
Project("{FAE04EC0-301F-11D3-BF4B-00C04F79EFBC}") = "KPLMOD12TP", "KPLMOD12TP\KPLMOD12TP.csproj", "{795F8EDC-BA9C-4D60-947E-DE2A981EC5D5}"
EndProject
Project("{FAE04EC0-301F-11D3-BF4B-00C04F79EFBC}") = "UnitTestProject1", "UnitTestProject1\UnitTestProject1.csproj", "{878703F2-D8F4-4835-B5BB-CF1500D46BB0}"
EndProject
Global
	GlobalSection(SolutionConfigurationPlatforms) = preSolution
		Debug|Any CPU = Debug|Any CPU
		Release|Any CPU = Release|Any CPU
	EndGlobalSection
	GlobalSection(ProjectConfigurationPlatforms) = postSolution
		{795F8EDC-BA9C-4D60-947E-DE2A981EC5D5}.Debug|Any CPU.ActiveCfg = Debug|Any CPU
		{795F8EDC-BA9C-4D60-947E-DE2A981EC5D5}.Debug|Any CPU.Build.0 = Debug|Any CPU
		{795F8EDC-BA9C-4D60-947E-DE2A981EC5D5}.Release|Any CPU.ActiveCfg = Release|Any CPU
		{795F8EDC-BA9C-4D60-947E-DE2A981EC5D5}.Release|Any CPU.Build.0 = Release|Any CPU
		{878703F2-D8F4-4835-B5BB-CF1500D46BB0}.Debug|Any CPU.ActiveCfg = Debug|Any CPU
		{878703F2-D8F4-4835-B5BB-CF1500D46BB0}.Debug|Any CPU.Build.0 = Debug|Any CPU
		{878703F2-D8F4-4835-B5BB-CF1500D46BB0}.Release|Any CPU.ActiveCfg = Release|Any CPU
		{878703F2-D8F4-4835-B5BB-CF1500D46BB0}.Release|Any CPU.Build.0 = Release|Any CPU
	EndGlobalSection
	GlobalSection(SolutionProperties) = preSolution
		HideSolutionNode = FALSE
	EndGlobalSection
	GlobalSection(ExtensibilityGlobals) = postSolution
		SolutionGuid = {DEF0E541-ECE8-401E-88B6-34C24AA1D716}
	EndGlobalSection
EndGlobal
